
Microsoft Visual Studio Solution File, Format Version 12.00
# Visual Studio 15
VisualStudioVersion = 15.0.28307.136
MinimumVisualStudioVersion = 10.0.40219.1
Project("{9A19103F-16F7-4668-BE54-9A1E7A4F7556}") = "Common", "Common\Common.csproj", "{3225D03E-0A82-4FAB-9A73-29C8CA27CB43}"
EndProject
Project("{9A19103F-16F7-4668-BE54-9A1E7A4F7556}") = "Day01-1", "Day01-1\Day01-1.csproj", "{05B6C705-2B83-40AF-BB83-1695AD8EF5C0}"
EndProject
Project("{9A19103F-16F7-4668-BE54-9A1E7A4F7556}") = "Day01-2", "Day01-2\Day01-2.csproj", "{4AEE2A2C-BDA7-44AA-9ABD-7BD3FAE0FB05}"
EndProject
Project("{9A19103F-16F7-4668-BE54-9A1E7A4F7556}") = "Day02-1", "Day02-1\Day02-1.csproj", "{214FB282-586E-4105-8E65-E369EB8AC771}"
EndProject
Project("{9A19103F-16F7-4668-BE54-9A1E7A4F7556}") = "Day02-2", "Day02-2\Day02-2.csproj", "{FA6DD264-91E0-4B7D-BA3F-8AD302A5BEDA}"
EndProject
Project("{9A19103F-16F7-4668-BE54-9A1E7A4F7556}") = "Day03-1", "Day03-1\Day03-1.csproj", "{4ED574C2-1840-40A0-B620-76CA2F026E18}"
EndProject
Project("{9A19103F-16F7-4668-BE54-9A1E7A4F7556}") = "Day03-2", "Day03-2\Day03-2.csproj", "{AE772EA9-60A2-47D4-BF5D-C3AC55165338}"
EndProject
Project("{9A19103F-16F7-4668-BE54-9A1E7A4F7556}") = "Day04-1", "Day04-1\Day04-1.csproj", "{AAA71D2A-978F-42C5-AC7C-021929EC7B46}"
EndProject
Project("{9A19103F-16F7-4668-BE54-9A1E7A4F7556}") = "Day04-2", "Day04-2\Day04-2.csproj", "{38A1F140-18BA-4DC9-9C72-4231AF121535}"
EndProject
Project("{9A19103F-16F7-4668-BE54-9A1E7A4F7556}") = "Day05-1", "Day05-1\Day05-1.csproj", "{3777F45A-77A8-421D-BD72-6017B27C8E02}"
EndProject
Project("{9A19103F-16F7-4668-BE54-9A1E7A4F7556}") = "Day05-2", "Day05-2\Day05-2.csproj", "{7B08A1D8-F12C-4E96-889E-1FB2E7605681}"
EndProject
Project("{9A19103F-16F7-4668-BE54-9A1E7A4F7556}") = "Day06-1", "Day06-1\Day06-1.csproj", "{9608EEC4-17FA-49EA-AA39-A6610D2B15D1}"
EndProject
Project("{9A19103F-16F7-4668-BE54-9A1E7A4F7556}") = "Day06-2", "Day06-2\Day06-2.csproj", "{8AC6FF3D-EF53-4FE5-8A77-00B04B9A8216}"
EndProject
Project("{9A19103F-16F7-4668-BE54-9A1E7A4F7556}") = "Day07-1", "Day07-1\Day07-1.csproj", "{1D303690-356C-4B74-8A20-53B28B72776A}"
EndProject
Project("{9A19103F-16F7-4668-BE54-9A1E7A4F7556}") = "Day07-2", "Day07-2\Day07-2.csproj", "{56E52D50-4E3C-4B21-A9B3-634FE2124C79}"
EndProject
Project("{9A19103F-16F7-4668-BE54-9A1E7A4F7556}") = "Day08-1", "Day08-1\Day08-1.csproj", "{114B934B-1F97-4107-8706-05F9C0937AA0}"
EndProject
Project("{9A19103F-16F7-4668-BE54-9A1E7A4F7556}") = "Day08-2", "Day08-2\Day08-2.csproj", "{ED3EF309-B6C6-4EA1-8C3B-026BA365D318}"
EndProject
Project("{9A19103F-16F7-4668-BE54-9A1E7A4F7556}") = "Day09-1", "Day09-1\Day09-1.csproj", "{52FB1651-B605-4B11-BF51-277955C1A95D}"
EndProject
Project("{9A19103F-16F7-4668-BE54-9A1E7A4F7556}") = "Day09-2", "Day09-2\Day09-2.csproj", "{48A653EB-0E1F-4434-8C80-8159A4F06960}"
EndProject
Project("{9A19103F-16F7-4668-BE54-9A1E7A4F7556}") = "Day10-1", "Day10-1\Day10-1.csproj", "{AFB67A4D-781F-445F-B2C7-2E23D5BED133}"
EndProject
Project("{9A19103F-16F7-4668-BE54-9A1E7A4F7556}") = "Day10-2", "Day10-2\Day10-2.csproj", "{D9C574A1-1490-41BE-ACFF-A8AADDECFFCB}"
EndProject
Project("{9A19103F-16F7-4668-BE54-9A1E7A4F7556}") = "Day11-1", "Day11-1\Day11-1.csproj", "{497430E0-A8EA-4C91-9F43-CEC9B392C496}"
EndProject
Project("{9A19103F-16F7-4668-BE54-9A1E7A4F7556}") = "Day11-2", "Day11-2\Day11-2.csproj", "{B9FC144F-FFAB-4743-BDED-0507D805040B}"
EndProject
Project("{9A19103F-16F7-4668-BE54-9A1E7A4F7556}") = "Day12-1", "Day12-1\Day12-1.csproj", "{75C1F794-CC03-40EB-997E-7F9FDD0B93C9}"
EndProject
Project("{9A19103F-16F7-4668-BE54-9A1E7A4F7556}") = "Day12-2", "Day12-2\Day12-2.csproj", "{6D00C832-9E36-47FF-805C-F1B18FCB9EE8}"
EndProject
Project("{9A19103F-16F7-4668-BE54-9A1E7A4F7556}") = "Day13-1", "Day13-1\Day13-1.csproj", "{1A88EA8A-542B-4194-9178-0F994ED300CE}"
EndProject
Project("{9A19103F-16F7-4668-BE54-9A1E7A4F7556}") = "Day13-2", "Day13-2\Day13-2.csproj", "{11695C9C-74F3-4176-AC45-0D8C8C7815A9}"
EndProject
Project("{9A19103F-16F7-4668-BE54-9A1E7A4F7556}") = "Day14-1", "Day14-1\Day14-1.csproj", "{059853CA-8E1B-4D17-8161-601AEBE4FE8A}"
EndProject
Project("{9A19103F-16F7-4668-BE54-9A1E7A4F7556}") = "Day14-2", "Day14-2\Day14-2.csproj", "{C80E9E46-6F9F-4F78-8CFC-6C757C613BC4}"
EndProject
Project("{9A19103F-16F7-4668-BE54-9A1E7A4F7556}") = "Day15-1", "Day15-1\Day15-1.csproj", "{288AEE6B-CCBB-4FFA-8257-1031D86846A2}"
EndProject
Project("{9A19103F-16F7-4668-BE54-9A1E7A4F7556}") = "Day15-2", "Day15-2\Day15-2.csproj", "{81B00763-8A81-4260-AF5D-F5C5E3CDE489}"
EndProject
Project("{9A19103F-16F7-4668-BE54-9A1E7A4F7556}") = "Day16-1", "Day16-1\Day16-1.csproj", "{15DABF14-5710-410D-88D0-9F913AFFD808}"
EndProject
Project("{9A19103F-16F7-4668-BE54-9A1E7A4F7556}") = "Day16-2", "Day16-2\Day16-2.csproj", "{7B6D5126-7172-4E87-AD09-F2517F9C17E0}"
EndProject
Project("{9A19103F-16F7-4668-BE54-9A1E7A4F7556}") = "Day17-1", "Day17-1\Day17-1.csproj", "{1464E51A-5B3C-46C1-9E3E-9F8C15FC183F}"
EndProject
Project("{9A19103F-16F7-4668-BE54-9A1E7A4F7556}") = "Day17-2", "Day17-2\Day17-2.csproj", "{8D876811-063B-41DA-B0CA-A99AEF4BD8B9}"
EndProject
Project("{9A19103F-16F7-4668-BE54-9A1E7A4F7556}") = "Day18-1", "Day18-1\Day18-1.csproj", "{361C4E6D-DE4F-4D14-A3AA-EAF5245EE35E}"
EndProject
Project("{9A19103F-16F7-4668-BE54-9A1E7A4F7556}") = "Day18-2", "Day18-2\Day18-2.csproj", "{5C27849B-9C42-4546-BF44-0628AA0412F9}"
EndProject
Project("{9A19103F-16F7-4668-BE54-9A1E7A4F7556}") = "Day19-1", "Day19-1\Day19-1.csproj", "{040E5BB9-582B-4376-8D4F-5205FE312309}"
EndProject
Project("{9A19103F-16F7-4668-BE54-9A1E7A4F7556}") = "Day19-2", "Day19-2\Day19-2.csproj", "{C9D6AB69-9A6B-4F49-AA57-7EEF80AE14BF}"
EndProject
Project("{9A19103F-16F7-4668-BE54-9A1E7A4F7556}") = "Day20-1", "Day20-1\Day20-1.csproj", "{83C5B74C-00A2-489F-9F72-C7DB5FFFE0FC}"
EndProject
Project("{9A19103F-16F7-4668-BE54-9A1E7A4F7556}") = "Day20-2", "Day20-2\Day20-2.csproj", "{5D784232-70CF-4317-9772-3316D6952FC4}"
EndProject
Project("{9A19103F-16F7-4668-BE54-9A1E7A4F7556}") = "Day21-1", "Day21-1\Day21-1.csproj", "{1BF6638D-D6E2-49AA-9945-E04A14312721}"
EndProject
Project("{9A19103F-16F7-4668-BE54-9A1E7A4F7556}") = "Day21-2", "Day21-2\Day21-2.csproj", "{D10F81FF-FD6A-4BA0-8012-03E30110CDA6}"
EndProject
Project("{9A19103F-16F7-4668-BE54-9A1E7A4F7556}") = "Day22-1", "Day22-1\Day22-1.csproj", "{B50D3DDD-7F2F-4985-8994-21319F0D21EC}"
EndProject
Project("{9A19103F-16F7-4668-BE54-9A1E7A4F7556}") = "Day22-2", "Day22-2\Day22-2.csproj", "{3209AC0A-3C84-4890-9B19-EB6084679A8A}"
EndProject
Project("{9A19103F-16F7-4668-BE54-9A1E7A4F7556}") = "Day23-1", "Day23-1\Day23-1.csproj", "{D41CAA0E-5097-4954-A7F6-3340285474CB}"
EndProject
Project("{9A19103F-16F7-4668-BE54-9A1E7A4F7556}") = "Day23-2", "Day23-2\Day23-2.csproj", "{E84440FF-CD2D-4977-9D11-12D0C4DFC4E1}"
EndProject
Project("{9A19103F-16F7-4668-BE54-9A1E7A4F7556}") = "Day24-1", "Day24-1\Day24-1.csproj", "{0E30BDD9-D8A3-4643-9F1B-2A05EC58AEF6}"
EndProject
Project("{9A19103F-16F7-4668-BE54-9A1E7A4F7556}") = "Day24-2", "Day24-2\Day24-2.csproj", "{99196156-1BD5-41B0-9769-A65CFAA325CF}"
EndProject
Project("{9A19103F-16F7-4668-BE54-9A1E7A4F7556}") = "Day25-1", "Day25-1\Day25-1.csproj", "{6008B732-24AB-4D9D-B9B4-F2B27D2C3849}"
EndProject
Project("{9A19103F-16F7-4668-BE54-9A1E7A4F7556}") = "Day25-2", "Day25-2\Day25-2.csproj", "{BE6336D2-FC01-46C0-AEE0-78BB3F416184}"
EndProject
Global
	GlobalSection(SolutionConfigurationPlatforms) = preSolution
		Debug|Any CPU = Debug|Any CPU
		Release|Any CPU = Release|Any CPU
	EndGlobalSection
	GlobalSection(ProjectConfigurationPlatforms) = postSolution
		{05B6C705-2B83-40AF-BB83-1695AD8EF5C0}.Debug|Any CPU.ActiveCfg = Debug|Any CPU
		{05B6C705-2B83-40AF-BB83-1695AD8EF5C0}.Debug|Any CPU.Build.0 = Debug|Any CPU
		{05B6C705-2B83-40AF-BB83-1695AD8EF5C0}.Release|Any CPU.ActiveCfg = Release|Any CPU
		{05B6C705-2B83-40AF-BB83-1695AD8EF5C0}.Release|Any CPU.Build.0 = Release|Any CPU
		{4AEE2A2C-BDA7-44AA-9ABD-7BD3FAE0FB05}.Debug|Any CPU.ActiveCfg = Debug|Any CPU
		{4AEE2A2C-BDA7-44AA-9ABD-7BD3FAE0FB05}.Debug|Any CPU.Build.0 = Debug|Any CPU
		{4AEE2A2C-BDA7-44AA-9ABD-7BD3FAE0FB05}.Release|Any CPU.ActiveCfg = Release|Any CPU
		{4AEE2A2C-BDA7-44AA-9ABD-7BD3FAE0FB05}.Release|Any CPU.Build.0 = Release|Any CPU
		{3225D03E-0A82-4FAB-9A73-29C8CA27CB43}.Debug|Any CPU.ActiveCfg = Debug|Any CPU
		{3225D03E-0A82-4FAB-9A73-29C8CA27CB43}.Debug|Any CPU.Build.0 = Debug|Any CPU
		{3225D03E-0A82-4FAB-9A73-29C8CA27CB43}.Release|Any CPU.ActiveCfg = Release|Any CPU
		{3225D03E-0A82-4FAB-9A73-29C8CA27CB43}.Release|Any CPU.Build.0 = Release|Any CPU
		{214FB282-586E-4105-8E65-E369EB8AC771}.Debug|Any CPU.ActiveCfg = Debug|Any CPU
		{214FB282-586E-4105-8E65-E369EB8AC771}.Debug|Any CPU.Build.0 = Debug|Any CPU
		{214FB282-586E-4105-8E65-E369EB8AC771}.Release|Any CPU.ActiveCfg = Release|Any CPU
		{214FB282-586E-4105-8E65-E369EB8AC771}.Release|Any CPU.Build.0 = Release|Any CPU
		{FA6DD264-91E0-4B7D-BA3F-8AD302A5BEDA}.Debug|Any CPU.ActiveCfg = Debug|Any CPU
		{FA6DD264-91E0-4B7D-BA3F-8AD302A5BEDA}.Debug|Any CPU.Build.0 = Debug|Any CPU
		{FA6DD264-91E0-4B7D-BA3F-8AD302A5BEDA}.Release|Any CPU.ActiveCfg = Release|Any CPU
		{FA6DD264-91E0-4B7D-BA3F-8AD302A5BEDA}.Release|Any CPU.Build.0 = Release|Any CPU
		{4ED574C2-1840-40A0-B620-76CA2F026E18}.Debug|Any CPU.ActiveCfg = Debug|Any CPU
		{4ED574C2-1840-40A0-B620-76CA2F026E18}.Debug|Any CPU.Build.0 = Debug|Any CPU
		{4ED574C2-1840-40A0-B620-76CA2F026E18}.Release|Any CPU.ActiveCfg = Release|Any CPU
		{4ED574C2-1840-40A0-B620-76CA2F026E18}.Release|Any CPU.Build.0 = Release|Any CPU
		{AE772EA9-60A2-47D4-BF5D-C3AC55165338}.Debug|Any CPU.ActiveCfg = Debug|Any CPU
		{AE772EA9-60A2-47D4-BF5D-C3AC55165338}.Debug|Any CPU.Build.0 = Debug|Any CPU
		{AE772EA9-60A2-47D4-BF5D-C3AC55165338}.Release|Any CPU.ActiveCfg = Release|Any CPU
		{AE772EA9-60A2-47D4-BF5D-C3AC55165338}.Release|Any CPU.Build.0 = Release|Any CPU
		{AAA71D2A-978F-42C5-AC7C-021929EC7B46}.Debug|Any CPU.ActiveCfg = Debug|Any CPU
		{AAA71D2A-978F-42C5-AC7C-021929EC7B46}.Debug|Any CPU.Build.0 = Debug|Any CPU
		{AAA71D2A-978F-42C5-AC7C-021929EC7B46}.Release|Any CPU.ActiveCfg = Release|Any CPU
		{AAA71D2A-978F-42C5-AC7C-021929EC7B46}.Release|Any CPU.Build.0 = Release|Any CPU
		{38A1F140-18BA-4DC9-9C72-4231AF121535}.Debug|Any CPU.ActiveCfg = Debug|Any CPU
		{38A1F140-18BA-4DC9-9C72-4231AF121535}.Debug|Any CPU.Build.0 = Debug|Any CPU
		{38A1F140-18BA-4DC9-9C72-4231AF121535}.Release|Any CPU.ActiveCfg = Release|Any CPU
		{38A1F140-18BA-4DC9-9C72-4231AF121535}.Release|Any CPU.Build.0 = Release|Any CPU
		{3777F45A-77A8-421D-BD72-6017B27C8E02}.Debug|Any CPU.ActiveCfg = Debug|Any CPU
		{3777F45A-77A8-421D-BD72-6017B27C8E02}.Debug|Any CPU.Build.0 = Debug|Any CPU
		{3777F45A-77A8-421D-BD72-6017B27C8E02}.Release|Any CPU.ActiveCfg = Release|Any CPU
		{3777F45A-77A8-421D-BD72-6017B27C8E02}.Release|Any CPU.Build.0 = Release|Any CPU
		{7B08A1D8-F12C-4E96-889E-1FB2E7605681}.Debug|Any CPU.ActiveCfg = Debug|Any CPU
		{7B08A1D8-F12C-4E96-889E-1FB2E7605681}.Debug|Any CPU.Build.0 = Debug|Any CPU
		{7B08A1D8-F12C-4E96-889E-1FB2E7605681}.Release|Any CPU.ActiveCfg = Release|Any CPU
		{7B08A1D8-F12C-4E96-889E-1FB2E7605681}.Release|Any CPU.Build.0 = Release|Any CPU
		{9608EEC4-17FA-49EA-AA39-A6610D2B15D1}.Debug|Any CPU.ActiveCfg = Debug|Any CPU
		{9608EEC4-17FA-49EA-AA39-A6610D2B15D1}.Debug|Any CPU.Build.0 = Debug|Any CPU
		{9608EEC4-17FA-49EA-AA39-A6610D2B15D1}.Release|Any CPU.ActiveCfg = Release|Any CPU
		{9608EEC4-17FA-49EA-AA39-A6610D2B15D1}.Release|Any CPU.Build.0 = Release|Any CPU
		{8AC6FF3D-EF53-4FE5-8A77-00B04B9A8216}.Debug|Any CPU.ActiveCfg = Debug|Any CPU
		{8AC6FF3D-EF53-4FE5-8A77-00B04B9A8216}.Debug|Any CPU.Build.0 = Debug|Any CPU
		{8AC6FF3D-EF53-4FE5-8A77-00B04B9A8216}.Release|Any CPU.ActiveCfg = Release|Any CPU
		{8AC6FF3D-EF53-4FE5-8A77-00B04B9A8216}.Release|Any CPU.Build.0 = Release|Any CPU
		{1D303690-356C-4B74-8A20-53B28B72776A}.Debug|Any CPU.ActiveCfg = Debug|Any CPU
		{1D303690-356C-4B74-8A20-53B28B72776A}.Debug|Any CPU.Build.0 = Debug|Any CPU
		{1D303690-356C-4B74-8A20-53B28B72776A}.Release|Any CPU.ActiveCfg = Release|Any CPU
		{1D303690-356C-4B74-8A20-53B28B72776A}.Release|Any CPU.Build.0 = Release|Any CPU
		{56E52D50-4E3C-4B21-A9B3-634FE2124C79}.Debug|Any CPU.ActiveCfg = Debug|Any CPU
		{56E52D50-4E3C-4B21-A9B3-634FE2124C79}.Debug|Any CPU.Build.0 = Debug|Any CPU
		{56E52D50-4E3C-4B21-A9B3-634FE2124C79}.Release|Any CPU.ActiveCfg = Release|Any CPU
		{56E52D50-4E3C-4B21-A9B3-634FE2124C79}.Release|Any CPU.Build.0 = Release|Any CPU
		{114B934B-1F97-4107-8706-05F9C0937AA0}.Debug|Any CPU.ActiveCfg = Debug|Any CPU
		{114B934B-1F97-4107-8706-05F9C0937AA0}.Debug|Any CPU.Build.0 = Debug|Any CPU
		{114B934B-1F97-4107-8706-05F9C0937AA0}.Release|Any CPU.ActiveCfg = Release|Any CPU
		{114B934B-1F97-4107-8706-05F9C0937AA0}.Release|Any CPU.Build.0 = Release|Any CPU
		{ED3EF309-B6C6-4EA1-8C3B-026BA365D318}.Debug|Any CPU.ActiveCfg = Debug|Any CPU
		{ED3EF309-B6C6-4EA1-8C3B-026BA365D318}.Debug|Any CPU.Build.0 = Debug|Any CPU
		{ED3EF309-B6C6-4EA1-8C3B-026BA365D318}.Release|Any CPU.ActiveCfg = Release|Any CPU
		{ED3EF309-B6C6-4EA1-8C3B-026BA365D318}.Release|Any CPU.Build.0 = Release|Any CPU
		{52FB1651-B605-4B11-BF51-277955C1A95D}.Debug|Any CPU.ActiveCfg = Debug|Any CPU
		{52FB1651-B605-4B11-BF51-277955C1A95D}.Debug|Any CPU.Build.0 = Debug|Any CPU
		{52FB1651-B605-4B11-BF51-277955C1A95D}.Release|Any CPU.ActiveCfg = Release|Any CPU
		{52FB1651-B605-4B11-BF51-277955C1A95D}.Release|Any CPU.Build.0 = Release|Any CPU
		{48A653EB-0E1F-4434-8C80-8159A4F06960}.Debug|Any CPU.ActiveCfg = Debug|Any CPU
		{48A653EB-0E1F-4434-8C80-8159A4F06960}.Debug|Any CPU.Build.0 = Debug|Any CPU
		{48A653EB-0E1F-4434-8C80-8159A4F06960}.Release|Any CPU.ActiveCfg = Release|Any CPU
		{48A653EB-0E1F-4434-8C80-8159A4F06960}.Release|Any CPU.Build.0 = Release|Any CPU
		{AFB67A4D-781F-445F-B2C7-2E23D5BED133}.Debug|Any CPU.ActiveCfg = Debug|Any CPU
		{AFB67A4D-781F-445F-B2C7-2E23D5BED133}.Debug|Any CPU.Build.0 = Debug|Any CPU
		{AFB67A4D-781F-445F-B2C7-2E23D5BED133}.Release|Any CPU.ActiveCfg = Release|Any CPU
		{AFB67A4D-781F-445F-B2C7-2E23D5BED133}.Release|Any CPU.Build.0 = Release|Any CPU
		{D9C574A1-1490-41BE-ACFF-A8AADDECFFCB}.Debug|Any CPU.ActiveCfg = Debug|Any CPU
		{D9C574A1-1490-41BE-ACFF-A8AADDECFFCB}.Debug|Any CPU.Build.0 = Debug|Any CPU
		{D9C574A1-1490-41BE-ACFF-A8AADDECFFCB}.Release|Any CPU.ActiveCfg = Release|Any CPU
		{D9C574A1-1490-41BE-ACFF-A8AADDECFFCB}.Release|Any CPU.Build.0 = Release|Any CPU
		{497430E0-A8EA-4C91-9F43-CEC9B392C496}.Debug|Any CPU.ActiveCfg = Debug|Any CPU
		{497430E0-A8EA-4C91-9F43-CEC9B392C496}.Debug|Any CPU.Build.0 = Debug|Any CPU
		{497430E0-A8EA-4C91-9F43-CEC9B392C496}.Release|Any CPU.ActiveCfg = Release|Any CPU
		{497430E0-A8EA-4C91-9F43-CEC9B392C496}.Release|Any CPU.Build.0 = Release|Any CPU
		{B9FC144F-FFAB-4743-BDED-0507D805040B}.Debug|Any CPU.ActiveCfg = Debug|Any CPU
		{B9FC144F-FFAB-4743-BDED-0507D805040B}.Debug|Any CPU.Build.0 = Debug|Any CPU
		{B9FC144F-FFAB-4743-BDED-0507D805040B}.Release|Any CPU.ActiveCfg = Release|Any CPU
		{B9FC144F-FFAB-4743-BDED-0507D805040B}.Release|Any CPU.Build.0 = Release|Any CPU
		{75C1F794-CC03-40EB-997E-7F9FDD0B93C9}.Debug|Any CPU.ActiveCfg = Debug|Any CPU
		{75C1F794-CC03-40EB-997E-7F9FDD0B93C9}.Debug|Any CPU.Build.0 = Debug|Any CPU
		{75C1F794-CC03-40EB-997E-7F9FDD0B93C9}.Release|Any CPU.ActiveCfg = Release|Any CPU
		{75C1F794-CC03-40EB-997E-7F9FDD0B93C9}.Release|Any CPU.Build.0 = Release|Any CPU
		{6D00C832-9E36-47FF-805C-F1B18FCB9EE8}.Debug|Any CPU.ActiveCfg = Debug|Any CPU
		{6D00C832-9E36-47FF-805C-F1B18FCB9EE8}.Debug|Any CPU.Build.0 = Debug|Any CPU
		{6D00C832-9E36-47FF-805C-F1B18FCB9EE8}.Release|Any CPU.ActiveCfg = Release|Any CPU
		{6D00C832-9E36-47FF-805C-F1B18FCB9EE8}.Release|Any CPU.Build.0 = Release|Any CPU
		{1A88EA8A-542B-4194-9178-0F994ED300CE}.Debug|Any CPU.ActiveCfg = Debug|Any CPU
		{1A88EA8A-542B-4194-9178-0F994ED300CE}.Debug|Any CPU.Build.0 = Debug|Any CPU
		{1A88EA8A-542B-4194-9178-0F994ED300CE}.Release|Any CPU.ActiveCfg = Release|Any CPU
		{1A88EA8A-542B-4194-9178-0F994ED300CE}.Release|Any CPU.Build.0 = Release|Any CPU
		{11695C9C-74F3-4176-AC45-0D8C8C7815A9}.Debug|Any CPU.ActiveCfg = Debug|Any CPU
		{11695C9C-74F3-4176-AC45-0D8C8C7815A9}.Debug|Any CPU.Build.0 = Debug|Any CPU
		{11695C9C-74F3-4176-AC45-0D8C8C7815A9}.Release|Any CPU.ActiveCfg = Release|Any CPU
		{11695C9C-74F3-4176-AC45-0D8C8C7815A9}.Release|Any CPU.Build.0 = Release|Any CPU
		{059853CA-8E1B-4D17-8161-601AEBE4FE8A}.Debug|Any CPU.ActiveCfg = Debug|Any CPU
		{059853CA-8E1B-4D17-8161-601AEBE4FE8A}.Debug|Any CPU.Build.0 = Debug|Any CPU
		{059853CA-8E1B-4D17-8161-601AEBE4FE8A}.Release|Any CPU.ActiveCfg = Release|Any CPU
		{059853CA-8E1B-4D17-8161-601AEBE4FE8A}.Release|Any CPU.Build.0 = Release|Any CPU
		{C80E9E46-6F9F-4F78-8CFC-6C757C613BC4}.Debug|Any CPU.ActiveCfg = Debug|Any CPU
		{C80E9E46-6F9F-4F78-8CFC-6C757C613BC4}.Debug|Any CPU.Build.0 = Debug|Any CPU
		{C80E9E46-6F9F-4F78-8CFC-6C757C613BC4}.Release|Any CPU.ActiveCfg = Release|Any CPU
		{C80E9E46-6F9F-4F78-8CFC-6C757C613BC4}.Release|Any CPU.Build.0 = Release|Any CPU
		{288AEE6B-CCBB-4FFA-8257-1031D86846A2}.Debug|Any CPU.ActiveCfg = Debug|Any CPU
		{288AEE6B-CCBB-4FFA-8257-1031D86846A2}.Debug|Any CPU.Build.0 = Debug|Any CPU
		{288AEE6B-CCBB-4FFA-8257-1031D86846A2}.Release|Any CPU.ActiveCfg = Release|Any CPU
		{288AEE6B-CCBB-4FFA-8257-1031D86846A2}.Release|Any CPU.Build.0 = Release|Any CPU
		{81B00763-8A81-4260-AF5D-F5C5E3CDE489}.Debug|Any CPU.ActiveCfg = Debug|Any CPU
		{81B00763-8A81-4260-AF5D-F5C5E3CDE489}.Debug|Any CPU.Build.0 = Debug|Any CPU
		{81B00763-8A81-4260-AF5D-F5C5E3CDE489}.Release|Any CPU.ActiveCfg = Release|Any CPU
		{81B00763-8A81-4260-AF5D-F5C5E3CDE489}.Release|Any CPU.Build.0 = Release|Any CPU
		{15DABF14-5710-410D-88D0-9F913AFFD808}.Debug|Any CPU.ActiveCfg = Debug|Any CPU
		{15DABF14-5710-410D-88D0-9F913AFFD808}.Debug|Any CPU.Build.0 = Debug|Any CPU
		{15DABF14-5710-410D-88D0-9F913AFFD808}.Release|Any CPU.ActiveCfg = Release|Any CPU
		{15DABF14-5710-410D-88D0-9F913AFFD808}.Release|Any CPU.Build.0 = Release|Any CPU
		{7B6D5126-7172-4E87-AD09-F2517F9C17E0}.Debug|Any CPU.ActiveCfg = Debug|Any CPU
		{7B6D5126-7172-4E87-AD09-F2517F9C17E0}.Debug|Any CPU.Build.0 = Debug|Any CPU
		{7B6D5126-7172-4E87-AD09-F2517F9C17E0}.Release|Any CPU.ActiveCfg = Release|Any CPU
		{7B6D5126-7172-4E87-AD09-F2517F9C17E0}.Release|Any CPU.Build.0 = Release|Any CPU
		{1464E51A-5B3C-46C1-9E3E-9F8C15FC183F}.Debug|Any CPU.ActiveCfg = Debug|Any CPU
		{1464E51A-5B3C-46C1-9E3E-9F8C15FC183F}.Debug|Any CPU.Build.0 = Debug|Any CPU
		{1464E51A-5B3C-46C1-9E3E-9F8C15FC183F}.Release|Any CPU.ActiveCfg = Release|Any CPU
		{1464E51A-5B3C-46C1-9E3E-9F8C15FC183F}.Release|Any CPU.Build.0 = Release|Any CPU
		{8D876811-063B-41DA-B0CA-A99AEF4BD8B9}.Debug|Any CPU.ActiveCfg = Debug|Any CPU
		{8D876811-063B-41DA-B0CA-A99AEF4BD8B9}.Debug|Any CPU.Build.0 = Debug|Any CPU
		{8D876811-063B-41DA-B0CA-A99AEF4BD8B9}.Release|Any CPU.ActiveCfg = Release|Any CPU
		{8D876811-063B-41DA-B0CA-A99AEF4BD8B9}.Release|Any CPU.Build.0 = Release|Any CPU
		{361C4E6D-DE4F-4D14-A3AA-EAF5245EE35E}.Debug|Any CPU.ActiveCfg = Debug|Any CPU
		{361C4E6D-DE4F-4D14-A3AA-EAF5245EE35E}.Debug|Any CPU.Build.0 = Debug|Any CPU
		{361C4E6D-DE4F-4D14-A3AA-EAF5245EE35E}.Release|Any CPU.ActiveCfg = Release|Any CPU
		{361C4E6D-DE4F-4D14-A3AA-EAF5245EE35E}.Release|Any CPU.Build.0 = Release|Any CPU
		{5C27849B-9C42-4546-BF44-0628AA0412F9}.Debug|Any CPU.ActiveCfg = Debug|Any CPU
		{5C27849B-9C42-4546-BF44-0628AA0412F9}.Debug|Any CPU.Build.0 = Debug|Any CPU
		{5C27849B-9C42-4546-BF44-0628AA0412F9}.Release|Any CPU.ActiveCfg = Release|Any CPU
		{5C27849B-9C42-4546-BF44-0628AA0412F9}.Release|Any CPU.Build.0 = Release|Any CPU
		{040E5BB9-582B-4376-8D4F-5205FE312309}.Debug|Any CPU.ActiveCfg = Debug|Any CPU
		{040E5BB9-582B-4376-8D4F-5205FE312309}.Debug|Any CPU.Build.0 = Debug|Any CPU
		{040E5BB9-582B-4376-8D4F-5205FE312309}.Release|Any CPU.ActiveCfg = Release|Any CPU
		{040E5BB9-582B-4376-8D4F-5205FE312309}.Release|Any CPU.Build.0 = Release|Any CPU
		{C9D6AB69-9A6B-4F49-AA57-7EEF80AE14BF}.Debug|Any CPU.ActiveCfg = Debug|Any CPU
		{C9D6AB69-9A6B-4F49-AA57-7EEF80AE14BF}.Debug|Any CPU.Build.0 = Debug|Any CPU
		{C9D6AB69-9A6B-4F49-AA57-7EEF80AE14BF}.Release|Any CPU.ActiveCfg = Release|Any CPU
		{C9D6AB69-9A6B-4F49-AA57-7EEF80AE14BF}.Release|Any CPU.Build.0 = Release|Any CPU
		{83C5B74C-00A2-489F-9F72-C7DB5FFFE0FC}.Debug|Any CPU.ActiveCfg = Debug|Any CPU
		{83C5B74C-00A2-489F-9F72-C7DB5FFFE0FC}.Debug|Any CPU.Build.0 = Debug|Any CPU
		{83C5B74C-00A2-489F-9F72-C7DB5FFFE0FC}.Release|Any CPU.ActiveCfg = Release|Any CPU
		{83C5B74C-00A2-489F-9F72-C7DB5FFFE0FC}.Release|Any CPU.Build.0 = Release|Any CPU
		{5D784232-70CF-4317-9772-3316D6952FC4}.Debug|Any CPU.ActiveCfg = Debug|Any CPU
		{5D784232-70CF-4317-9772-3316D6952FC4}.Debug|Any CPU.Build.0 = Debug|Any CPU
		{5D784232-70CF-4317-9772-3316D6952FC4}.Release|Any CPU.ActiveCfg = Release|Any CPU
		{5D784232-70CF-4317-9772-3316D6952FC4}.Release|Any CPU.Build.0 = Release|Any CPU
		{1BF6638D-D6E2-49AA-9945-E04A14312721}.Debug|Any CPU.ActiveCfg = Debug|Any CPU
		{1BF6638D-D6E2-49AA-9945-E04A14312721}.Debug|Any CPU.Build.0 = Debug|Any CPU
		{1BF6638D-D6E2-49AA-9945-E04A14312721}.Release|Any CPU.ActiveCfg = Release|Any CPU
		{1BF6638D-D6E2-49AA-9945-E04A14312721}.Release|Any CPU.Build.0 = Release|Any CPU
		{D10F81FF-FD6A-4BA0-8012-03E30110CDA6}.Debug|Any CPU.ActiveCfg = Debug|Any CPU
		{D10F81FF-FD6A-4BA0-8012-03E30110CDA6}.Debug|Any CPU.Build.0 = Debug|Any CPU
		{D10F81FF-FD6A-4BA0-8012-03E30110CDA6}.Release|Any CPU.ActiveCfg = Release|Any CPU
		{D10F81FF-FD6A-4BA0-8012-03E30110CDA6}.Release|Any CPU.Build.0 = Release|Any CPU
		{B50D3DDD-7F2F-4985-8994-21319F0D21EC}.Debug|Any CPU.ActiveCfg = Debug|Any CPU
		{B50D3DDD-7F2F-4985-8994-21319F0D21EC}.Debug|Any CPU.Build.0 = Debug|Any CPU
		{B50D3DDD-7F2F-4985-8994-21319F0D21EC}.Release|Any CPU.ActiveCfg = Release|Any CPU
		{B50D3DDD-7F2F-4985-8994-21319F0D21EC}.Release|Any CPU.Build.0 = Release|Any CPU
		{3209AC0A-3C84-4890-9B19-EB6084679A8A}.Debug|Any CPU.ActiveCfg = Debug|Any CPU
		{3209AC0A-3C84-4890-9B19-EB6084679A8A}.Debug|Any CPU.Build.0 = Debug|Any CPU
		{3209AC0A-3C84-4890-9B19-EB6084679A8A}.Release|Any CPU.ActiveCfg = Release|Any CPU
		{3209AC0A-3C84-4890-9B19-EB6084679A8A}.Release|Any CPU.Build.0 = Release|Any CPU
		{D41CAA0E-5097-4954-A7F6-3340285474CB}.Debug|Any CPU.ActiveCfg = Debug|Any CPU
		{D41CAA0E-5097-4954-A7F6-3340285474CB}.Debug|Any CPU.Build.0 = Debug|Any CPU
		{D41CAA0E-5097-4954-A7F6-3340285474CB}.Release|Any CPU.ActiveCfg = Release|Any CPU
		{D41CAA0E-5097-4954-A7F6-3340285474CB}.Release|Any CPU.Build.0 = Release|Any CPU
		{E84440FF-CD2D-4977-9D11-12D0C4DFC4E1}.Debug|Any CPU.ActiveCfg = Debug|Any CPU
		{E84440FF-CD2D-4977-9D11-12D0C4DFC4E1}.Debug|Any CPU.Build.0 = Debug|Any CPU
		{E84440FF-CD2D-4977-9D11-12D0C4DFC4E1}.Release|Any CPU.ActiveCfg = Release|Any CPU
		{E84440FF-CD2D-4977-9D11-12D0C4DFC4E1}.Release|Any CPU.Build.0 = Release|Any CPU
		{0E30BDD9-D8A3-4643-9F1B-2A05EC58AEF6}.Debug|Any CPU.ActiveCfg = Debug|Any CPU
		{0E30BDD9-D8A3-4643-9F1B-2A05EC58AEF6}.Debug|Any CPU.Build.0 = Debug|Any CPU
		{0E30BDD9-D8A3-4643-9F1B-2A05EC58AEF6}.Release|Any CPU.ActiveCfg = Release|Any CPU
		{0E30BDD9-D8A3-4643-9F1B-2A05EC58AEF6}.Release|Any CPU.Build.0 = Release|Any CPU
		{99196156-1BD5-41B0-9769-A65CFAA325CF}.Debug|Any CPU.ActiveCfg = Debug|Any CPU
		{99196156-1BD5-41B0-9769-A65CFAA325CF}.Debug|Any CPU.Build.0 = Debug|Any CPU
		{99196156-1BD5-41B0-9769-A65CFAA325CF}.Release|Any CPU.ActiveCfg = Release|Any CPU
		{99196156-1BD5-41B0-9769-A65CFAA325CF}.Release|Any CPU.Build.0 = Release|Any CPU
		{6008B732-24AB-4D9D-B9B4-F2B27D2C3849}.Debug|Any CPU.ActiveCfg = Debug|Any CPU
		{6008B732-24AB-4D9D-B9B4-F2B27D2C3849}.Debug|Any CPU.Build.0 = Debug|Any CPU
		{6008B732-24AB-4D9D-B9B4-F2B27D2C3849}.Release|Any CPU.ActiveCfg = Release|Any CPU
		{6008B732-24AB-4D9D-B9B4-F2B27D2C3849}.Release|Any CPU.Build.0 = Release|Any CPU
		{BE6336D2-FC01-46C0-AEE0-78BB3F416184}.Debug|Any CPU.ActiveCfg = Debug|Any CPU
		{BE6336D2-FC01-46C0-AEE0-78BB3F416184}.Debug|Any CPU.Build.0 = Debug|Any CPU
		{BE6336D2-FC01-46C0-AEE0-78BB3F416184}.Release|Any CPU.ActiveCfg = Release|Any CPU
		{BE6336D2-FC01-46C0-AEE0-78BB3F416184}.Release|Any CPU.Build.0 = Release|Any CPU
	EndGlobalSection
	GlobalSection(SolutionProperties) = preSolution
		HideSolutionNode = FALSE
	EndGlobalSection
	GlobalSection(ExtensibilityGlobals) = postSolution
		SolutionGuid = {66DD104C-7B65-45BD-A8D1-EFC1B1670461}
	EndGlobalSection
EndGlobal
